
Microsoft Visual Studio Solution File, Format Version 12.00
# Visual Studio Version 16
VisualStudioVersion = 16.0.31424.327
MinimumVisualStudioVersion = 10.0.40219.1
Project("{FAE04EC0-301F-11D3-BF4B-00C04F79EFBC}") = "Szilagyi_Edward_Lab2", "Szilagyi_Edward_Lab2.csproj", "{0F36CA22-919D-486F-AE3A-153B541E3628}"
EndProject
Global
	GlobalSection(SolutionConfigurationPlatforms) = preSolution
		Debug|Any CPU = Debug|Any CPU
		Release|Any CPU = Release|Any CPU
	EndGlobalSection
	GlobalSection(ProjectConfigurationPlatforms) = postSolution
		{0F36CA22-919D-486F-AE3A-153B541E3628}.Debug|Any CPU.ActiveCfg = Debug|Any CPU
		{0F36CA22-919D-486F-AE3A-153B541E3628}.Debug|Any CPU.Build.0 = Debug|Any CPU
		{0F36CA22-919D-486F-AE3A-153B541E3628}.Release|Any CPU.ActiveCfg = Release|Any CPU
		{0F36CA22-919D-486F-AE3A-153B541E3628}.Release|Any CPU.Build.0 = Release|Any CPU
	EndGlobalSection
	GlobalSection(SolutionProperties) = preSolution
		HideSolutionNode = FALSE
	EndGlobalSection
	GlobalSection(ExtensibilityGlobals) = postSolution
		SolutionGuid = {21D54EC5-E0E0-499F-AF46-6E00AB3B6118}
	EndGlobalSection
EndGlobal
